github.com/davecgh/go-spew v1.1.1 h1:vj9j/u1bqnvCEfJOwUhtlOARqs3+rkHYY13jYWTU97c=
github.com/davecgh/go-spew v1.1.1/go.mod h1:J7Y8YcW2NihsgmVo/mv3lAwl/skON4iLHjSsI+c5H38=
github.com/lcylpzls/cryptox v1.0.0 h1:W11mzXd3ZUQ6gaKzZ9w8XWJUoF9MmkGBb2ESK5ju8CQ=
github.com/lcylpzls/cryptox v1.0.0/go.mod h1:lQXRLN/RG/virENBno3c9KbhXuflFRqaDPdgAVWaWmA=
github.com/lcylpzls/errx v1.5.4 h1:xEQRgYJEF7bArQqRe70yHDk+W17OcXSVo8g+knSGr70=
github.com/lcylpzls/errx v1.5.4/go.mod h1:Eo26wXcmV2hdMB1CJvhFc4zLZr4aNutlvakzwTzwncM=
github.com/lcylpzls/httpx v1.2.1 h1:4S5xTcoRl+lb2mkF0tQPv3tIkMP7C0g0CUgYLewvvQE=
github.com/lcylpzls/httpx v1.2.1/go.mod h1:Tx5hyu4xslRcE2J429kApjBmXscOQJBULcc4pTFpNPc=
github.com/lcylpzls/logx v1.3.0 h1:8PMkVJKu6ZvMFOmvOeeoiCsBmkQrdP5nTk5FQ7g4tK8=
github.com/lcylpzls/logx v1.3.0/go.mod h1:eX8QMpxjv2igvhDPeHyCaFOp1wfNTpJVTmAQbn9naoE=
github.com/lcylpzls/resiliencex v1.3.0 h1:Xj6UdvOYnkS8B+EZ5Z2oH0OBT1WhRFM+5UPYKTq9Sgo=
github.com/lcylpzls/resiliencex v1.3.0/go.mod h1:f+GsbaYHgu/XukKMbgDMJ4AMPuPcDoCEv4aBCQnt4kg=
github.com/lcylpzls/testx v1.4.1 h1:AwncHEN/C7BkuDVdt2Wt2l08xbJu9GUB92LwPeMiu6c=
github.com/lcylpzls/testx v1.4.1/go.mod h1:fSIAIHupdm3N+YU1CqHxsfXUb3z8bz5NF6AXDPzMha0=
github.com/lcylpzls/validx v1.2.2 h1:q6ZxN1qdTSaFfGTGoyCi33sluWfwCLDx3hd5xpmidp0=
github.com/lcylpzls/validx v1.2.2/go.mod h1:HAy1xjuJRfjp1T+7c7aX6BYBrsiDSuQbvgDTOjwAug8=
github.com/pmezard/go-difflib v1.0.0 h1:4DBwDE0NGyQoBHbLQYPwSUPoCMWR5BEzIk/f1lZbAQM=
github.com/pmezard/go-difflib v1.0.0/go.mod h1:iKH77koFhYxTK1pcRnkKkqfTogsbg7gZNVY4sRDYZ/4=
github.com/quic-go/go-ossfuzz-seeds v0.1.0 h1:APacT+iIaNF6fd8AGEiN3bT/Jtkd2jz4v4TzM7MFjy0=
github.com/quic-go/go-ossfuzz-seeds v0.1.0/go.mod h1:3IOHRbJIc+L6YKMwfDtJAM9Vj9k0YY4muhuyUYk5tbk=
github.com/quic-go/qpack v0.6.0 h1:g7W+BMYynC1LbYLSqRt8PBg5Tgwxn214ZZR34VIOjz8=
github.com/quic-go/qpack v0.6.0/go.mod h1:lUpLKChi8njB4ty2bFLX2x4gzDqXwUpaO1DP9qMDZII=
github.com/quic-go/quic-go v0.61.0 h1:ui88A53s8MSVYLC56en0KQ17HARk+9986Dn0SBfKNvA=
github.com/quic-go/quic-go v0.61.0/go.mod h1:9So2anK4Tp22URSQq00k+Vo2PNkle96ycDPDHL4s9vs=
github.com/stretchr/testify v1.11.1 h1:7s2iGBzp5EwR7/aIZr8ao5+dra3wiQyKjjFuvgVKu7U=
github.com/stretchr/testify v1.11.1/go.mod h1:wZwfW3scLgRK+23gO65QZefKpKQRnfz6sD981Nm4B6U=
go.uber.org/mock v0.5.2 h1:LbtPTcP8A5k9WPXj54PPPbjcI4Y6lhyOZXn+VS7wNko=
go.uber.org/mock v0.5.2/go.mod h1:wLlUxC2vVTPTaE3UD51E0BGOAElKrILxhVSDYQLld5o=
golang.org/x/crypto v0.54.0 h1:YLIA59K4fiNzHzjnZt2tUJQjQtUWfWbeHBqKtk3eScw=
golang.org/x/crypto v0.54.0/go.mod h1:KWL8ny2AZdGR2cWmzeHrp2azQPGogOv+HeQaVEXC2dk=
golang.org/x/net v0.57.0 h1:K5+3DljvIuDG9/Jv9rvyMywYNFCQ9RSUY6OOTTkT+tE=
golang.org/x/net v0.57.0/go.mod h1:KpXc8iv+r3XplLAG/f7Jsf9RPszJzdR0f58q9vGOuEU=
golang.org/x/sys v0.47.0 h1:o7XGOvZQCADBQQ4Y7VNq2dRWQR7JmOUW8Kxx4ZsNgWs=
golang.org/x/sys v0.47.0/go.mod h1:4GL1E5IUh+htKOUEOaiffhrAeqysfVGipDYzABqnCmw=
golang.org/x/text v0.40.0 h1:Ub2Z6/xjgF1WrYQz2nuITOEegKFtiIy+rieRJ5lHZKs=
golang.org/x/text v0.40.0/go.mod h1:hpnzDAfGV753zIKo+wk3u1bVKCGPbrnF7+7LBF/UHVY=
gopkg.in/yaml.v3 v3.0.1 h1:fxVm/GzAzEWqLHuvctI91KS9hhNmmWOoWu0XTYJS7CA=
gopkg.in/yaml.v3 v3.0.1/go.mod h1:K4uyk7z7BCEPqu6E+C64Yfv1cQ7kz7rIZviUmN+EgEM=
